
Microsoft Visual Studio Solution File, Format Version 12.00
# Visual Studio Version 17
VisualStudioVersion = 17.5.33414.496
MinimumVisualStudioVersion = 10.0.40219.1
Project("{FAE04EC0-301F-11D3-BF4B-00C04F79EFBC}") = "ROT13 encryption application", "ROT13 encryption application\ROT13 encryption application.csproj", "{65031B6E-B57E-4FF0-AF58-195713ECACEB}"
EndProject
Global
	GlobalSection(SolutionConfigurationPlatforms) = preSolution
		Debug|Any CPU = Debug|Any CPU
		Release|Any CPU = Release|Any CPU
	EndGlobalSection
	GlobalSection(ProjectConfigurationPlatforms) = postSolution
		{65031B6E-B57E-4FF0-AF58-195713ECACEB}.Debug|Any CPU.ActiveCfg = Debug|Any CPU
		{65031B6E-B57E-4FF0-AF58-195713ECACEB}.Debug|Any CPU.Build.0 = Debug|Any CPU
		{65031B6E-B57E-4FF0-AF58-195713ECACEB}.Release|Any CPU.ActiveCfg = Release|Any CPU
		{65031B6E-B57E-4FF0-AF58-195713ECACEB}.Release|Any CPU.Build.0 = Release|Any CPU
	EndGlobalSection
	GlobalSection(SolutionProperties) = preSolution
		HideSolutionNode = FALSE
	EndGlobalSection
	GlobalSection(ExtensibilityGlobals) = postSolution
		SolutionGuid = {B1ACF175-BC04-4E19-840F-67AB3322719C}
	EndGlobalSection
EndGlobal
